// !$*UTF8*$!
{
	archiveVersion = 1;
	classes = {
	};
	objectVersion = 51;
	objects = {

/* Begin PBXBuildFile section */
		58DC990EFF13C0AAEE52202C /* Pods_WeatherForecast.framework in Frameworks */ = {isa = PBXBuildFile; fileRef = 8837575DE734E32CAFB6F664 /* Pods_WeatherForecast.framework */; };
		E637383C229E8FAF00303FCC /* GeoLocation.swift in Sources */ = {isa = PBXBuildFile; fileRef = E637383B229E8FAF00303FCC /* GeoLocation.swift */; };
		E637383E229E9DD200303FCC /* SectionHeaderView.swift in Sources */ = {isa = PBXBuildFile; fileRef = E637383D229E9DD200303FCC /* SectionHeaderView.swift */; };
		E6CB6D3F229D300500950F2A /* AppDelegate.swift in Sources */ = {isa = PBXBuildFile; fileRef = E6CB6D3E229D300500950F2A /* AppDelegate.swift */; };
		E6CB6D41229D300500950F2A /* ViewController.swift in Sources */ = {isa = PBXBuildFile; fileRef = E6CB6D40229D300500950F2A /* ViewController.swift */; };
		E6CB6D44229D300500950F2A /* Main.storyboard in Resources */ = {isa = PBXBuildFile; fileRef = E6CB6D42229D300500950F2A /* Main.storyboard */; };
		E6CB6D47229D300500950F2A /* WeatherForecast.xcdatamodeld in Sources */ = {isa = PBXBuildFile; fileRef = E6CB6D45229D300500950F2A /* WeatherForecast.xcdatamodeld */; };
		E6CB6D49229D300700950F2A /* Assets.xcassets in Resources */ = {isa = PBXBuildFile; fileRef = E6CB6D48229D300700950F2A /* Assets.xcassets */; };
		E6CB6D4C229D300700950F2A /* LaunchScreen.storyboard in Resources */ = {isa = PBXBuildFile; fileRef = E6CB6D4A229D300700950F2A /* LaunchScreen.storyboard */; };
		E6CB6D69229D36D800950F2A /* Pod.swift in Sources */ = {isa = PBXBuildFile; fileRef = E6CB6D68229D36D800950F2A /* Pod.swift */; };
		E6CB6D6D229D36FF00950F2A /* Icon.swift in Sources */ = {isa = PBXBuildFile; fileRef = E6CB6D6C229D36FF00950F2A /* Icon.swift */; };
		E6CB6D6F229D370F00950F2A /* MainEnum.swift in Sources */ = {isa = PBXBuildFile; fileRef = E6CB6D6E229D370F00950F2A /* MainEnum.swift */; };
		E6CB6D71229D371D00950F2A /* Description.swift in Sources */ = {isa = PBXBuildFile; fileRef = E6CB6D70229D371D00950F2A /* Description.swift */; };
		E6CB6D79229D38FD00950F2A /* NetworkManager.swift in Sources */ = {isa = PBXBuildFile; fileRef = E6CB6D78229D38FD00950F2A /* NetworkManager.swift */; };
		E6CB6D7C229D39B200950F2A /* APIManager.swift in Sources */ = {isa = PBXBuildFile; fileRef = E6CB6D7B229D39B200950F2A /* APIManager.swift */; };
		E6CB6D7F229D3BF100950F2A /* Encoder.swift in Sources */ = {isa = PBXBuildFile; fileRef = E6CB6D7E229D3BF100950F2A /* Encoder.swift */; };
		E6CB6D81229D3C3B00950F2A /* Decoder.swift in Sources */ = {isa = PBXBuildFile; fileRef = E6CB6D80229D3C3B00950F2A /* Decoder.swift */; };
		E6CB6D87229D4B0500950F2A /* BaseWeatherServiceProtocol.swift in Sources */ = {isa = PBXBuildFile; fileRef = E6CB6D86229D4B0500950F2A /* BaseWeatherServiceProtocol.swift */; };
		E6CB6D8B229D4B6200950F2A /* FiveDayWeatherService.swift in Sources */ = {isa = PBXBuildFile; fileRef = E6CB6D8A229D4B6200950F2A /* FiveDayWeatherService.swift */; };
		E6CB6D8F229D4D2100950F2A /* FirebaseService.swift in Sources */ = {isa = PBXBuildFile; fileRef = E6CB6D8E229D4D2100950F2A /* FirebaseService.swift */; };
		E6DDAA9A229DA64000151A1D /* GoogleService-Info.plist in Resources */ = {isa = PBXBuildFile; fileRef = E6DDAA99229DA64000151A1D /* GoogleService-Info.plist */; };
		E6DDAAA1229DEB0200151A1D /* ViewExtensions.swift in Sources */ = {isa = PBXBuildFile; fileRef = E6DDAAA0229DEB0100151A1D /* ViewExtensions.swift */; };
		E6DDAAA3229DECA400151A1D /* WeatherIconGeneratorService.swift in Sources */ = {isa = PBXBuildFile; fileRef = E6DDAAA2229DECA400151A1D /* WeatherIconGeneratorService.swift */; };
		E6DDAAA7229DF1DC00151A1D /* CurrentWeatherService.swift in Sources */ = {isa = PBXBuildFile; fileRef = E6DDAAA6229DF1DC00151A1D /* CurrentWeatherService.swift */; };
		E6DDAAA9229DF21100151A1D /* CurrentWeatherServiceProtocol.swift in Sources */ = {isa = PBXBuildFile; fileRef = E6DDAAA8229DF21100151A1D /* CurrentWeatherServiceProtocol.swift */; };
		E6DDAAB3229E6A8000151A1D /* CurrentWeatherModel.swift in Sources */ = {isa = PBXBuildFile; fileRef = E6DDAAB1229E6A8000151A1D /* CurrentWeatherModel.swift */; };
		E6DDAAB4229E6A8000151A1D /* ForecastWeatherModel.swift in Sources */ = {isa = PBXBuildFile; fileRef = E6DDAAB2229E6A8000151A1D /* ForecastWeatherModel.swift */; };
		E6DDAABE229E6A8D00151A1D /* Coordinate.swift in Sources */ = {isa = PBXBuildFile; fileRef = E6DDAAB5229E6A8C00151A1D /* Coordinate.swift */; };
		E6DDAABF229E6A8D00151A1D /* Clouds.swift in Sources */ = {isa = PBXBuildFile; fileRef = E6DDAAB6229E6A8C00151A1D /* Clouds.swift */; };
		E6DDAAC0229E6A8D00151A1D /* WeatherInfo.swift in Sources */ = {isa = PBXBuildFile; fileRef = E6DDAAB7229E6A8C00151A1D /* WeatherInfo.swift */; };
		E6DDAAC1229E6A8D00151A1D /* WeatherOfDay.swift in Sources */ = {isa = PBXBuildFile; fileRef = E6DDAAB8229E6A8C00151A1D /* WeatherOfDay.swift */; };
		E6DDAAC2229E6A8D00151A1D /* WeatherDetail.swift in Sources */ = {isa = PBXBuildFile; fileRef = E6DDAAB9229E6A8D00151A1D /* WeatherDetail.swift */; };
		E6DDAAC3229E6A8D00151A1D /* Sys.swift in Sources */ = {isa = PBXBuildFile; fileRef = E6DDAABA229E6A8D00151A1D /* Sys.swift */; };
		E6DDAAC4229E6A8D00151A1D /* Wind.swift in Sources */ = {isa = PBXBuildFile; fileRef = E6DDAABB229E6A8D00151A1D /* Wind.swift */; };
		E6DDAAC5229E6A8D00151A1D /* Rain.swift in Sources */ = {isa = PBXBuildFile; fileRef = E6DDAABC229E6A8D00151A1D /* Rain.swift */; };
		E6DDAAC6229E6A8D00151A1D /* City.swift in Sources */ = {isa = PBXBuildFile; fileRef = E6DDAABD229E6A8D00151A1D /* City.swift */; };
		E6DDAACC229E6B3B00151A1D /* TodayWeatherModel.swift in Sources */ = {isa = PBXBuildFile; fileRef = E6DDAACB229E6B3B00151A1D /* TodayWeatherModel.swift */; };
		E6DDAACE229E6E2D00151A1D /* TypeExtensions.swift in Sources */ = {isa = PBXBuildFile; fileRef = E6DDAACD229E6E2D00151A1D /* TypeExtensions.swift */; };
		E6DDAAD0229E6F2300151A1D /* ToStringProtocol.swift in Sources */ = {isa = PBXBuildFile; fileRef = E6DDAACF229E6F2300151A1D /* ToStringProtocol.swift */; };
		E6DDAAD3229E7B9D00151A1D /* BaseViewController.swift in Sources */ = {isa = PBXBuildFile; fileRef = E6DDAAD2229E7B9D00151A1D /* BaseViewController.swift */; };
		E6DDAAD6229E827800151A1D /* ForecastCell.swift in Sources */ = {isa = PBXBuildFile; fileRef = E6DDAAD5229E827800151A1D /* ForecastCell.swift */; };
		E6DDAAD9229E82A600151A1D /* ForecastViewController.swift in Sources */ = {isa = PBXBuildFile; fileRef = E6DDAAD8229E82A600151A1D /* ForecastViewController.swift */; };
/* End PBXBuildFile section */

/* Begin PBXFileReference section */
		1118A85772727CA399316623 /* Pods-WeatherForecast.release.xcconfig */ = {isa = PBXFileReference; includeInIndex = 1; lastKnownFileType = text.xcconfig; name = "Pods-WeatherForecast.release.xcconfig"; path = "Target Support Files/Pods-WeatherForecast/Pods-WeatherForecast.release.xcconfig"; sourceTree = "<group>"; };
		2F03EAD14C1A5943337AD1FB /* Pods-WeatherForecast.debug.xcconfig */ = {isa = PBXFileReference; includeInIndex = 1; lastKnownFileType = text.xcconfig; name = "Pods-WeatherForecast.debug.xcconfig"; path = "Target Support Files/Pods-WeatherForecast/Pods-WeatherForecast.debug.xcconfig"; sourceTree = "<group>"; };
		8837575DE734E32CAFB6F664 /* Pods_WeatherForecast.framework */ = {isa = PBXFileReference; explicitFileType = wrapper.framework; includeInIndex = 0; path = Pods_WeatherForecast.framework; sourceTree = BUILT_PRODUCTS_DIR; };
		E637383B229E8FAF00303FCC /* GeoLocation.swift */ = {isa = PBXFileReference; lastKnownFileType = sourcecode.swift; path = GeoLocation.swift; sourceTree = "<group>"; };
		E637383D229E9DD200303FCC /* SectionHeaderView.swift */ = {isa = PBXFileReference; lastKnownFileType = sourcecode.swift; path = SectionHeaderView.swift; sourceTree = "<group>"; };
		E6CB6D3B229D300500950F2A /* WeatherForecast.app */ = {isa = PBXFileReference; explicitFileType = wrapper.application; includeInIndex = 0; path = WeatherForecast.app; sourceTree = BUILT_PRODUCTS_DIR; };
		E6CB6D3E229D300500950F2A /* AppDelegate.swift */ = {isa = PBXFileReference; lastKnownFileType = sourcecode.swift; path = AppDelegate.swift; sourceTree = "<group>"; };
		E6CB6D40229D300500950F2A /* ViewController.swift */ = {isa = PBXFileReference; lastKnownFileType = sourcecode.swift; path = ViewController.swift; sourceTree = "<group>"; };
		E6CB6D43229D300500950F2A /* Base */ = {isa = PBXFileReference; lastKnownFileType = file.storyboard; name = Base; path = Base.lproj/Main.storyboard; sourceTree = "<group>"; };
		E6CB6D46229D300500950F2A /* WeatherForecast.xcdatamodel */ = {isa = PBXFileReference; lastKnownFileType = wrapper.xcdatamodel; path = WeatherForecast.xcdatamodel; sourceTree = "<group>"; };
		E6CB6D48229D300700950F2A /* Assets.xcassets */ = {isa = PBXFileReference; lastKnownFileType = folder.assetcatalog; path = Assets.xcassets; sourceTree = "<group>"; };
		E6CB6D4B229D300700950F2A /* Base */ = {isa = PBXFileReference; lastKnownFileType = file.storyboard; name = Base; path = Base.lproj/LaunchScreen.storyboard; sourceTree = "<group>"; };
		E6CB6D4D229D300700950F2A /* Info.plist */ = {isa = PBXFileReference; lastKnownFileType = text.plist.xml; path = Info.plist; sourceTree = "<group>"; };
		E6CB6D68229D36D800950F2A /* Pod.swift */ = {isa = PBXFileReference; lastKnownFileType = sourcecode.swift; path = Pod.swift; sourceTree = "<group>"; };
		E6CB6D6C229D36FF00950F2A /* Icon.swift */ = {isa = PBXFileReference; lastKnownFileType = sourcecode.swift; path = Icon.swift; sourceTree = "<group>"; };
		E6CB6D6E229D370F00950F2A /* MainEnum.swift */ = {isa = PBXFileReference; lastKnownFileType = sourcecode.swift; path = MainEnum.swift; sourceTree = "<group>"; };
		E6CB6D70229D371D00950F2A /* Description.swift */ = {isa = PBXFileReference; lastKnownFileType = sourcecode.swift; path = Description.swift; sourceTree = "<group>"; };
		E6CB6D78229D38FD00950F2A /* NetworkManager.swift */ = {isa = PBXFileReference; lastKnownFileType = sourcecode.swift; path = NetworkManager.swift; sourceTree = "<group>"; };
		E6CB6D7B229D39B200950F2A /* APIManager.swift */ = {isa = PBXFileReference; lastKnownFileType = sourcecode.swift; path = APIManager.swift; sourceTree = "<group>"; };
		E6CB6D7E229D3BF100950F2A /* Encoder.swift */ = {isa = PBXFileReference; lastKnownFileType = sourcecode.swift; path = Encoder.swift; sourceTree = "<group>"; };
		E6CB6D80229D3C3B00950F2A /* Decoder.swift */ = {isa = PBXFileReference; lastKnownFileType = sourcecode.swift; path = Decoder.swift; sourceTree = "<group>"; };
		E6CB6D86229D4B0500950F2A /* BaseWeatherServiceProtocol.swift */ = {isa = PBXFileReference; lastKnownFileType = sourcecode.swift; path = BaseWeatherServiceProtocol.swift; sourceTree = "<group>"; };
		E6CB6D8A229D4B6200950F2A /* FiveDayWeatherService.swift */ = {isa = PBXFileReference; lastKnownFileType = sourcecode.swift; path = FiveDayWeatherService.swift; sourceTree = "<group>"; };
		E6CB6D8E229D4D2100950F2A /* FirebaseService.swift */ = {isa = PBXFileReference; lastKnownFileType = sourcecode.swift; path = FirebaseService.swift; sourceTree = "<group>"; };
		E6DDAA99229DA64000151A1D /* GoogleService-Info.plist */ = {isa = PBXFileReference; fileEncoding = 4; lastKnownFileType = text.plist.xml; path = "GoogleService-Info.plist"; sourceTree = "<group>"; };
		E6DDAAA0229DEB0100151A1D /* ViewExtensions.swift */ = {isa = PBXFileReference; lastKnownFileType = sourcecode.swift; path = ViewExtensions.swift; sourceTree = "<group>"; };
		E6DDAAA2229DECA400151A1D /* WeatherIconGeneratorService.swift */ = {isa = PBXFileReference; lastKnownFileType = sourcecode.swift; path = WeatherIconGeneratorService.swift; sourceTree = "<group>"; };
		E6DDAAA6229DF1DC00151A1D /* CurrentWeatherService.swift */ = {isa = PBXFileReference; lastKnownFileType = sourcecode.swift; path = CurrentWeatherService.swift; sourceTree = "<group>"; };
		E6DDAAA8229DF21100151A1D /* CurrentWeatherServiceProtocol.swift */ = {isa = PBXFileReference; lastKnownFileType = sourcecode.swift; path = CurrentWeatherServiceProtocol.swift; sourceTree = "<group>"; };
		E6DDAAB1229E6A8000151A1D /* CurrentWeatherModel.swift */ = {isa = PBXFileReference; fileEncoding = 4; lastKnownFileType = sourcecode.swift; path = CurrentWeatherModel.swift; sourceTree = "<group>"; };
		E6DDAAB2229E6A8000151A1D /* ForecastWeatherModel.swift */ = {isa = PBXFileReference; fileEncoding = 4; lastKnownFileType = sourcecode.swift; path = ForecastWeatherModel.swift; sourceTree = "<group>"; };
		E6DDAAB5229E6A8C00151A1D /* Coordinate.swift */ = {isa = PBXFileReference; fileEncoding = 4; lastKnownFileType = sourcecode.swift; path = Coordinate.swift; sourceTree = "<group>"; };
		E6DDAAB6229E6A8C00151A1D /* Clouds.swift */ = {isa = PBXFileReference; fileEncoding = 4; lastKnownFileType = sourcecode.swift; path = Clouds.swift; sourceTree = "<group>"; };
		E6DDAAB7229E6A8C00151A1D /* WeatherInfo.swift */ = {isa = PBXFileReference; fileEncoding = 4; lastKnownFileType = sourcecode.swift; path = WeatherInfo.swift; sourceTree = "<group>"; };
		E6DDAAB8229E6A8C00151A1D /* WeatherOfDay.swift */ = {isa = PBXFileReference; fileEncoding = 4; lastKnownFileType = sourcecode.swift; path = WeatherOfDay.swift; sourceTree = "<group>"; };
		E6DDAAB9229E6A8D00151A1D /* WeatherDetail.swift */ = {isa = PBXFileReference; fileEncoding = 4; lastKnownFileType = sourcecode.swift; path = WeatherDetail.swift; sourceTree = "<group>"; };
		E6DDAABA229E6A8D00151A1D /* Sys.swift */ = {isa = PBXFileReference; fileEncoding = 4; lastKnownFileType = sourcecode.swift; path = Sys.swift; sourceTree = "<group>"; };
		E6DDAABB229E6A8D00151A1D /* Wind.swift */ = {isa = PBXFileReference; fileEncoding = 4; lastKnownFileType = sourcecode.swift; path = Wind.swift; sourceTree = "<group>"; };
		E6DDAABC229E6A8D00151A1D /* Rain.swift */ = {isa = PBXFileReference; fileEncoding = 4; lastKnownFileType = sourcecode.swift; path = Rain.swift; sourceTree = "<group>"; };
		E6DDAABD229E6A8D00151A1D /* City.swift */ = {isa = PBXFileReference; fileEncoding = 4; lastKnownFileType = sourcecode.swift; path = City.swift; sourceTree = "<group>"; };
		E6DDAACB229E6B3B00151A1D /* TodayWeatherModel.swift */ = {isa = PBXFileReference; lastKnownFileType = sourcecode.swift; path = TodayWeatherModel.swift; sourceTree = "<group>"; };
		E6DDAACD229E6E2D00151A1D /* TypeExtensions.swift */ = {isa = PBXFileReference; lastKnownFileType = sourcecode.swift; path = TypeExtensions.swift; sourceTree = "<group>"; };
		E6DDAACF229E6F2300151A1D /* ToStringProtocol.swift */ = {isa = PBXFileReference; lastKnownFileType = sourcecode.swift; path = ToStringProtocol.swift; sourceTree = "<group>"; };
		E6DDAAD2229E7B9D00151A1D /* BaseViewController.swift */ = {isa = PBXFileReference; lastKnownFileType = sourcecode.swift; path = BaseViewController.swift; sourceTree = "<group>"; };
		E6DDAAD5229E827800151A1D /* ForecastCell.swift */ = {isa = PBXFileReference; lastKnownFileType = sourcecode.swift; path = ForecastCell.swift; sourceTree = "<group>"; };
		E6DDAAD8229E82A600151A1D /* ForecastViewController.swift */ = {isa = PBXFileReference; lastKnownFileType = sourcecode.swift; path = ForecastViewController.swift; sourceTree = "<group>"; };
/* End PBXFileReference section */

/* Begin PBXFrameworksBuildPhase section */
		E6CB6D38229D300500950F2A /* Frameworks */ = {
			isa = PBXFrameworksBuildPhase;
			buildActionMask = 2147483647;
			files = (
				58DC990EFF13C0AAEE52202C /* Pods_WeatherForecast.framework in Frameworks */,
			);
			runOnlyForDeploymentPostprocessing = 0;
		};
/* End PBXFrameworksBuildPhase section */

/* Begin PBXGroup section */
		06353B9B4F74BFC7019D40AE /* Pods */ = {
			isa = PBXGroup;
			children = (
				2F03EAD14C1A5943337AD1FB /* Pods-WeatherForecast.debug.xcconfig */,
				1118A85772727CA399316623 /* Pods-WeatherForecast.release.xcconfig */,
			);
			path = Pods;
			sourceTree = "<group>";
		};
		5E876649B55F7C611CEC9B2B /* Frameworks */ = {
			isa = PBXGroup;
			children = (
				8837575DE734E32CAFB6F664 /* Pods_WeatherForecast.framework */,
			);
			name = Frameworks;
			sourceTree = "<group>";
		};
		E6CB6D32229D300500950F2A = {
			isa = PBXGroup;
			children = (
				E6CB6D56229D310000950F2A /* WeatherForecast-ApplicationServices */,
				E6CB6D55229D30F100950F2A /* WeatherForecast-DomainRepository */,
				E6CB6D54229D30AD00950F2A /* WeatherForecast-DataLayer */,
				E6CB6D3D229D300500950F2A /* WeatherForecast-PresentationLayer */,
				E6CB6D3C229D300500950F2A /* Products */,
				06353B9B4F74BFC7019D40AE /* Pods */,
				5E876649B55F7C611CEC9B2B /* Frameworks */,
			);
			sourceTree = "<group>";
		};
		E6CB6D3C229D300500950F2A /* Products */ = {
			isa = PBXGroup;
			children = (
				E6CB6D3B229D300500950F2A /* WeatherForecast.app */,
			);
			name = Products;
			sourceTree = "<group>";
		};
		E6CB6D3D229D300500950F2A /* WeatherForecast-PresentationLayer */ = {
			isa = PBXGroup;
			children = (
				E6DDAAD4229E825400151A1D /* Views */,
				E6DDAA9D229DB63100151A1D /* Utilities */,
				E6DDAA99229DA64000151A1D /* GoogleService-Info.plist */,
				E6CB6D94229D51D000950F2A /* Storyboards */,
				E6CB6D93229D519D00950F2A /* Project Settings */,
				E6CB6D91229D513000950F2A /* Resources */,
				E6CB6D90229D512900950F2A /* Controllers */,
				E6CB6D3E229D300500950F2A /* AppDelegate.swift */,
			);
			path = "WeatherForecast-PresentationLayer";
			sourceTree = "<group>";
		};
		E6CB6D54229D30AD00950F2A /* WeatherForecast-DataLayer */ = {
			isa = PBXGroup;
			children = (
				E6CB6D74229D379D00950F2A /* Models */,
				E6CB6D67229D36CE00950F2A /* Enums */,
			);
			path = "WeatherForecast-DataLayer";
			sourceTree = "<group>";
		};
		E6CB6D55229D30F100950F2A /* WeatherForecast-DomainRepository */ = {
			isa = PBXGroup;
			children = (
				E6CB6D7D229D3BDB00950F2A /* EncoderAndDecoder */,
				E6CB6D7A229D397900950F2A /* Managers */,
			);
			path = "WeatherForecast-DomainRepository";
			sourceTree = "<group>";
		};
		E6CB6D56229D310000950F2A /* WeatherForecast-ApplicationServices */ = {
			isa = PBXGroup;
			children = (
				E6CB6D88229D4B4F00950F2A /* Services */,
				E6CB6D84229D4A0D00950F2A /* ServiceProtocols */,
			);
			path = "WeatherForecast-ApplicationServices";
			sourceTree = "<group>";
		};
		E6CB6D67229D36CE00950F2A /* Enums */ = {
			isa = PBXGroup;
			children = (
				E6CB6D68229D36D800950F2A /* Pod.swift */,
				E6CB6D6C229D36FF00950F2A /* Icon.swift */,
				E6CB6D6E229D370F00950F2A /* MainEnum.swift */,
				E6CB6D70229D371D00950F2A /* Description.swift */,
			);
			path = Enums;
			sourceTree = "<group>";
		};
		E6CB6D74229D379D00950F2A /* Models */ = {
			isa = PBXGroup;
			children = (
				E6DDAACA229E6B2800151A1D /* TodayWeatherModel */,
				E6DDAAC7229E6A9400151A1D /* ForecastModel */,
			);
			path = Models;
			sourceTree = "<group>";
		};
		E6CB6D7A229D397900950F2A /* Managers */ = {
			isa = PBXGroup;
			children = (
				E6CB6D78229D38FD00950F2A /* NetworkManager.swift */,
				E6CB6D7B229D39B200950F2A /* APIManager.swift */,
			);
			path = Managers;
			sourceTree = "<group>";
		};
		E6CB6D7D229D3BDB00950F2A /* EncoderAndDecoder */ = {
			isa = PBXGroup;
			children = (
				E6CB6D7E229D3BF100950F2A /* Encoder.swift */,
				E6CB6D80229D3C3B00950F2A /* Decoder.swift */,
			);
			path = EncoderAndDecoder;
			sourceTree = "<group>";
		};
		E6CB6D84229D4A0D00950F2A /* ServiceProtocols */ = {
			isa = PBXGroup;
			children = (
				E6CB6D86229D4B0500950F2A /* BaseWeatherServiceProtocol.swift */,
				E6DDAAA8229DF21100151A1D /* CurrentWeatherServiceProtocol.swift */,
			);
			path = ServiceProtocols;
			sourceTree = "<group>";
		};
		E6CB6D88229D4B4F00950F2A /* Services */ = {
			isa = PBXGroup;
			children = (
				E6CB6D8A229D4B6200950F2A /* FiveDayWeatherService.swift */,
				E6CB6D8E229D4D2100950F2A /* FirebaseService.swift */,
				E6DDAAA2229DECA400151A1D /* WeatherIconGeneratorService.swift */,
				E6DDAAA6229DF1DC00151A1D /* CurrentWeatherService.swift */,
			);
			path = Services;
			sourceTree = "<group>";
		};
		E6CB6D90229D512900950F2A /* Controllers */ = {
			isa = PBXGroup;
			children = (
				E6DDAAD7229E829300151A1D /* BaseControllers */,
				E6CB6D40229D300500950F2A /* ViewController.swift */,
				E6DDAAD8229E82A600151A1D /* ForecastViewController.swift */,
			);
			path = Controllers;
			sourceTree = "<group>";
		};
		E6CB6D91229D513000950F2A /* Resources */ = {
			isa = PBXGroup;
			children = (
				E6CB6D48229D300700950F2A /* Assets.xcassets */,
				E6CB6D45229D300500950F2A /* WeatherForecast.xcdatamodeld */,
			);
			path = Resources;
			sourceTree = "<group>";
		};
		E6CB6D93229D519D00950F2A /* Project Settings */ = {
			isa = PBXGroup;
			children = (
				E6CB6D4D229D300700950F2A /* Info.plist */,
			);
			path = "Project Settings";
			sourceTree = "<group>";
		};
		E6CB6D94229D51D000950F2A /* Storyboards */ = {
			isa = PBXGroup;
			children = (
				E6CB6D42229D300500950F2A /* Main.storyboard */,
				E6CB6D4A229D300700950F2A /* LaunchScreen.storyboard */,
			);
			path = Storyboards;
			sourceTree = "<group>";
		};
		E6DDAA9D229DB63100151A1D /* Utilities */ = {
			isa = PBXGroup;
			children = (
				E6DDAAD1229E6F7200151A1D /* Protocols */,
				E6DDAAA0229DEB0100151A1D /* ViewExtensions.swift */,
				E6DDAACD229E6E2D00151A1D /* TypeExtensions.swift */,
				E637383B229E8FAF00303FCC /* GeoLocation.swift */,
			);
			path = Utilities;
			sourceTree = "<group>";
		};
		E6DDAAC7229E6A9400151A1D /* ForecastModel */ = {
			isa = PBXGroup;
			children = (
				E6DDAAC8229E6A9900151A1D /* RootModel */,
				E6DDAAC9229E6A9F00151A1D /* SubModules */,
			);
			path = ForecastModel;
			sourceTree = "<group>";
		};
		E6DDAAC8229E6A9900151A1D /* RootModel */ = {
			isa = PBXGroup;
			children = (
				E6DDAAB2229E6A8000151A1D /* ForecastWeatherModel.swift */,
			);
			path = RootModel;
			sourceTree = "<group>";
		};
		E6DDAAC9229E6A9F00151A1D /* SubModules */ = {
			isa = PBXGroup;
			children = (
				E6DDAABD229E6A8D00151A1D /* City.swift */,
				E6DDAAB6229E6A8C00151A1D /* Clouds.swift */,
				E6DDAAB5229E6A8C00151A1D /* Coordinate.swift */,
				E6DDAABC229E6A8D00151A1D /* Rain.swift */,
				E6DDAABA229E6A8D00151A1D /* Sys.swift */,
				E6DDAAB9229E6A8D00151A1D /* WeatherDetail.swift */,
				E6DDAAB7229E6A8C00151A1D /* WeatherInfo.swift */,
				E6DDAAB8229E6A8C00151A1D /* WeatherOfDay.swift */,
				E6DDAABB229E6A8D00151A1D /* Wind.swift */,
				E6DDAAB1229E6A8000151A1D /* CurrentWeatherModel.swift */,
			);
			path = SubModules;
			sourceTree = "<group>";
		};
		E6DDAACA229E6B2800151A1D /* TodayWeatherModel */ = {
			isa = PBXGroup;
			children = (
				E6DDAACB229E6B3B00151A1D /* TodayWeatherModel.swift */,
			);
			path = TodayWeatherModel;
			sourceTree = "<group>";
		};
		E6DDAAD1229E6F7200151A1D /* Protocols */ = {
			isa = PBXGroup;
			children = (
				E6DDAACF229E6F2300151A1D /* ToStringProtocol.swift */,
			);
			path = Protocols;
			sourceTree = "<group>";
		};
		E6DDAAD4229E825400151A1D /* Views */ = {
			isa = PBXGroup;
			children = (
				E6DDAAD5229E827800151A1D /* ForecastCell.swift */,
				E637383D229E9DD200303FCC /* SectionHeaderView.swift */,
			);
			path = Views;
			sourceTree = "<group>";
		};
		E6DDAAD7229E829300151A1D /* BaseControllers */ = {
			isa = PBXGroup;
			children = (
				E6DDAAD2229E7B9D00151A1D /* BaseViewController.swift */,
			);
			path = BaseControllers;
			sourceTree = "<group>";
		};
/* End PBXGroup section */

/* Begin PBXNativeTarget section */
		E6CB6D3A229D300500950F2A /* WeatherForecast */ = {
			isa = PBXNativeTarget;
			buildConfigurationList = E6CB6D50229D300700950F2A /* Build configuration list for PBXNativeTarget "WeatherForecast" */;
			buildPhases = (
				55A0FF7B555A30461611117C /* [CP] Check Pods Manifest.lock */,
				E6CB6D37229D300500950F2A /* Sources */,
				E6CB6D38229D300500950F2A /* Frameworks */,
				E6CB6D39229D300500950F2A /* Resources */,
				7B0E769004E6DB1B4C4B8F28 /* [CP] Embed Pods Frameworks */,
			);
			buildRules = (
			);
			dependencies = (
			);
			name = WeatherForecast;
			productName = WeatherForecast;
			productReference = E6CB6D3B229D300500950F2A /* WeatherForecast.app */;
			productType = "com.apple.product-type.application";
		};
/* End PBXNativeTarget section */

/* Begin PBXProject section */
		E6CB6D33229D300500950F2A /* Project object */ = {
			isa = PBXProject;
			attributes = {
				LastSwiftUpdateCheck = 1020;
				LastUpgradeCheck = 1020;
				ORGANIZATIONNAME = "Tornike Gomareli";
				TargetAttributes = {
					E6CB6D3A229D300500950F2A = {
						CreatedOnToolsVersion = 10.2.1;
					};
				};
			};
			buildConfigurationList = E6CB6D36229D300500950F2A /* Build configuration list for PBXProject "WeatherForecast" */;
			compatibilityVersion = "Xcode 9.3";
			developmentRegion = en;
			hasScannedForEncodings = 0;
			knownRegions = (
				en,
				Base,
			);
			mainGroup = E6CB6D32229D300500950F2A;
			productRefGroup = E6CB6D3C229D300500950F2A /* Products */;
			projectDirPath = "";
			projectRoot = "";
			targets = (
				E6CB6D3A229D300500950F2A /* WeatherForecast */,
			);
		};
/* End PBXProject section */

/* Begin PBXResourcesBuildPhase section */
		E6CB6D39229D300500950F2A /* Resources */ = {
			isa = PBXResourcesBuildPhase;
			buildActionMask = 2147483647;
			files = (
				E6CB6D4C229D300700950F2A /* LaunchScreen.storyboard in Resources */,
				E6DDAA9A229DA64000151A1D /* GoogleService-Info.plist in Resources */,
				E6CB6D49229D300700950F2A /* Assets.xcassets in Resources */,
				E6CB6D44229D300500950F2A /* Main.storyboard in Resources */,
			);
			runOnlyForDeploymentPostprocessing = 0;
		};
/* End PBXResourcesBuildPhase section */

/* Begin PBXShellScriptBuildPhase section */
		55A0FF7B555A30461611117C /* [CP] Check Pods Manifest.lock */ = {
			isa = PBXShellScriptBuildPhase;
			buildActionMask = 2147483647;
			files = (
			);
			inputFileListPaths = (
			);
			inputPaths = (
				"${PODS_PODFILE_DIR_PATH}/Podfile.lock",
				"${PODS_ROOT}/Manifest.lock",
			);
			name = "[CP] Check Pods Manifest.lock";
			outputFileListPaths = (
			);
			outputPaths = (
				"$(DERIVED_FILE_DIR)/Pods-WeatherForecast-checkManifestLockResult.txt",
			);
			runOnlyForDeploymentPostprocessing = 0;
			shellPath = /bin/sh;
			shellScript = "diff \"${PODS_PODFILE_DIR_PATH}/Podfile.lock\" \"${PODS_ROOT}/Manifest.lock\" > /dev/null\nif [ $? != 0 ] ; then\n    # print error to STDERR\n    echo \"error: The sandbox is not in sync with the Podfile.lock. Run 'pod install' or update your CocoaPods installation.\" >&2\n    exit 1\nfi\n# This output is used by Xcode 'outputs' to avoid re-running this script phase.\necho \"SUCCESS\" > \"${SCRIPT_OUTPUT_FILE_0}\"\n";
			showEnvVarsInLog = 0;
		};
		7B0E769004E6DB1B4C4B8F28 /* [CP] Embed Pods Frameworks */ = {
			isa = PBXShellScriptBuildPhase;
			buildActionMask = 2147483647;
			files = (
			);
			inputFileListPaths = (
				"${PODS_ROOT}/Target Support Files/Pods-WeatherForecast/Pods-WeatherForecast-frameworks-${CONFIGURATION}-input-files.xcfilelist",
			);
			name = "[CP] Embed Pods Frameworks";
			outputFileListPaths = (
				"${PODS_ROOT}/Target Support Files/Pods-WeatherForecast/Pods-WeatherForecast-frameworks-${CONFIGURATION}-output-files.xcfilelist",
			);
			runOnlyForDeploymentPostprocessing = 0;
			shellPath = /bin/sh;
			shellScript = "\"${PODS_ROOT}/Target Support Files/Pods-WeatherForecast/Pods-WeatherForecast-frameworks.sh\"\n";
			showEnvVarsInLog = 0;
		};
/* End PBXShellScriptBuildPhase section */

/* Begin PBXSourcesBuildPhase section */
		E6CB6D37229D300500950F2A /* Sources */ = {
			isa = PBXSourcesBuildPhase;
			buildActionMask = 2147483647;
			files = (
				E6CB6D71229D371D00950F2A /* Description.swift in Sources */,
				E6CB6D7C229D39B200950F2A /* APIManager.swift in Sources */,
				E6DDAAD3229E7B9D00151A1D /* BaseViewController.swift in Sources */,
				E6DDAAC4229E6A8D00151A1D /* Wind.swift in Sources */,
				E6DDAAC0229E6A8D00151A1D /* WeatherInfo.swift in Sources */,
				E6CB6D47229D300500950F2A /* WeatherForecast.xcdatamodeld in Sources */,
				E6DDAABF229E6A8D00151A1D /* Clouds.swift in Sources */,
				E6CB6D81229D3C3B00950F2A /* Decoder.swift in Sources */,
				E6CB6D6D229D36FF00950F2A /* Icon.swift in Sources */,
				E6DDAAB4229E6A8000151A1D /* ForecastWeatherModel.swift in Sources */,
				E6DDAAC1229E6A8D00151A1D /* WeatherOfDay.swift in Sources */,
				E6DDAAA7229DF1DC00151A1D /* CurrentWeatherService.swift in Sources */,
				E6CB6D69229D36D800950F2A /* Pod.swift in Sources */,
				E6CB6D8B229D4B6200950F2A /* FiveDayWeatherService.swift in Sources */,
				E6CB6D8F229D4D2100950F2A /* FirebaseService.swift in Sources */,
				E6DDAAA9229DF21100151A1D /* CurrentWeatherServiceProtocol.swift in Sources */,
				E6DDAAD6229E827800151A1D /* ForecastCell.swift in Sources */,
				E6DDAAC5229E6A8D00151A1D /* Rain.swift in Sources */,
				E6CB6D6F229D370F00950F2A /* MainEnum.swift in Sources */,
				E6CB6D7F229D3BF100950F2A /* Encoder.swift in Sources */,
				E637383E229E9DD200303FCC /* SectionHeaderView.swift in Sources */,
				E6CB6D79229D38FD00950F2A /* NetworkManager.swift in Sources */,
				E6DDAABE229E6A8D00151A1D /* Coordinate.swift in Sources */,
				E6DDAAD9229E82A600151A1D /* ForecastViewController.swift in Sources */,
				E6DDAAB3229E6A8000151A1D /* CurrentWeatherModel.swift in Sources */,
				E637383C229E8FAF00303FCC /* GeoLocation.swift in Sources */,
				E6DDAAC3229E6A8D00151A1D /* Sys.swift in Sources */,
				E6DDAAA1229DEB0200151A1D /* ViewExtensions.swift in Sources */,
				E6CB6D87229D4B0500950F2A /* BaseWeatherServiceProtocol.swift in Sources */,
				E6DDAAC6229E6A8D00151A1D /* City.swift in Sources */,
				E6DDAAC2229E6A8D00151A1D /* WeatherDetail.swift in Sources */,
				E6DDAACC229E6B3B00151A1D /* TodayWeatherModel.swift in Sources */,
				E6DDAACE229E6E2D00151A1D /* TypeExtensions.swift in Sources */,
				E6CB6D41229D300500950F2A /* ViewController.swift in Sources */,
				E6DDAAD0229E6F2300151A1D /* ToStringProtocol.swift in Sources */,
				E6CB6D3F229D300500950F2A /* AppDelegate.swift in Sources */,
				E6DDAAA3229DECA400151A1D /* WeatherIconGeneratorService.swift in Sources */,
			);
			runOnlyForDeploymentPostprocessing = 0;
		};
/* End PBXSourcesBuildPhase section */

/* Begin PBXVariantGroup section */
		E6CB6D42229D300500950F2A /* Main.storyboard */ = {
			isa = PBXVariantGroup;
			children = (
				E6CB6D43229D300500950F2A /* Base */,
			);
			name = Main.storyboard;
			sourceTree = "<group>";
		};
		E6CB6D4A229D300700950F2A /* LaunchScreen.storyboard */ = {
			isa = PBXVariantGroup;
			children = (
				E6CB6D4B229D300700950F2A /* Base */,
			);
			name = LaunchScreen.storyboard;
			sourceTree = "<group>";
		};
/* End PBXVariantGroup section */

/* Begin XCBuildConfiguration section */
		E6CB6D4E229D300700950F2A /* Debug */ = {
			isa = XCBuildConfiguration;
			buildSettings = {
				ALWAYS_SEARCH_USER_PATHS = NO;
				CLANG_ANALYZER_NONNULL = YES;
				CLANG_ANALYZER_NUMBER_OBJECT_CONVERSION = YES_AGGRESSIVE;
				CLANG_CXX_LANGUAGE_STANDARD = "gnu++14";
				CLANG_CXX_LIBRARY = "libc++";
				CLANG_ENABLE_MODULES = YES;
				CLANG_ENABLE_OBJC_ARC = YES;
				CLANG_ENABLE_OBJC_WEAK = YES;
				CLANG_WARN_BLOCK_CAPTURE_AUTORELEASING = YES;
				CLANG_WARN_BOOL_CONVERSION = YES;
				CLANG_WARN_COMMA = YES;
				CLANG_WARN_CONSTANT_CONVERSION = YES;
				CLANG_WARN_DEPRECATED_OBJC_IMPLEMENTATIONS = YES;
				CLANG_WARN_DIRECT_OBJC_ISA_USAGE = YES_ERROR;
				CLANG_WARN_DOCUMENTATION_COMMENTS = YES;
				CLANG_WARN_EMPTY_BODY = YES;
				CLANG_WARN_ENUM_CONVERSION = YES;
				CLANG_WARN_INFINITE_RECURSION = YES;
				CLANG_WARN_INT_CONVERSION = YES;
				CLANG_WARN_NON_LITERAL_NULL_CONVERSION = YES;
				CLANG_WARN_OBJC_IMPLICIT_RETAIN_SELF = YES;
				CLANG_WARN_OBJC_LITERAL_CONVERSION = YES;
				CLANG_WARN_OBJC_ROOT_CLASS = YES_ERROR;
				CLANG_WARN_RANGE_LOOP_ANALYSIS = YES;
				CLANG_WARN_STRICT_PROTOTYPES = YES;
				CLANG_WARN_SUSPICIOUS_MOVE = YES;
				CLANG_WARN_UNGUARDED_AVAILABILITY = YES_AGGRESSIVE;
				CLANG_WARN_UNREACHABLE_CODE = YES;
				CLANG_WARN__DUPLICATE_METHOD_MATCH = YES;
				CODE_SIGN_IDENTITY = "iPhone Developer";
				COPY_PHASE_STRIP = NO;
				DEBUG_INFORMATION_FORMAT = dwarf;
				ENABLE_STRICT_OBJC_MSGSEND = YES;
				ENABLE_TESTABILITY = YES;
				GCC_C_LANGUAGE_STANDARD = gnu11;
				GCC_DYNAMIC_NO_PIC = NO;
				GCC_NO_COMMON_BLOCKS = YES;
				GCC_OPTIMIZATION_LEVEL = 0;
				GCC_PREPROCESSOR_DEFINITIONS = (
					"DEBUG=1",
					"$(inherited)",
				);
				GCC_WARN_64_TO_32_BIT_CONVERSION = YES;
				GCC_WARN_ABOUT_RETURN_TYPE = YES_ERROR;
				GCC_WARN_UNDECLARED_SELECTOR = YES;
				GCC_WARN_UNINITIALIZED_AUTOS = YES_AGGRESSIVE;
				GCC_WARN_UNUSED_FUNCTION = YES;
				GCC_WARN_UNUSED_VARIABLE = YES;
				IPHONEOS_DEPLOYMENT_TARGET = 12.2;
				MTL_ENABLE_DEBUG_INFO = INCLUDE_SOURCE;
				MTL_FAST_MATH = YES;
				ONLY_ACTIVE_ARCH = YES;
				SDKROOT = iphoneos;
				SWIFT_ACTIVE_COMPILATION_CONDITIONS = DEBUG;
				SWIFT_OPTIMIZATION_LEVEL = "-Onone";
			};
			name = Debug;
		};
		E6CB6D4F229D300700950F2A /* Release */ = {
			isa = XCBuildConfiguration;
			buildSettings = {
				ALWAYS_SEARCH_USER_PATHS = NO;
				CLANG_ANALYZER_NONNULL = YES;
				CLANG_ANALYZER_NUMBER_OBJECT_CONVERSION = YES_AGGRESSIVE;
				CLANG_CXX_LANGUAGE_STANDARD = "gnu++14";
				CLANG_CXX_LIBRARY = "libc++";
				CLANG_ENABLE_MODULES = YES;
				CLANG_ENABLE_OBJC_ARC = YES;
				CLANG_ENABLE_OBJC_WEAK = YES;
				CLANG_WARN_BLOCK_CAPTURE_AUTORELEASING = YES;
				CLANG_WARN_BOOL_CONVERSION = YES;
				CLANG_WARN_COMMA = YES;
				CLANG_WARN_CONSTANT_CONVERSION = YES;
				CLANG_WARN_DEPRECATED_OBJC_IMPLEMENTATIONS = YES;
				CLANG_WARN_DIRECT_OBJC_ISA_USAGE = YES_ERROR;
				CLANG_WARN_DOCUMENTATION_COMMENTS = YES;
				CLANG_WARN_EMPTY_BODY = YES;
				CLANG_WARN_ENUM_CONVERSION = YES;
				CLANG_WARN_INFINITE_RECURSION = YES;
				CLANG_WARN_INT_CONVERSION = YES;
				CLANG_WARN_NON_LITERAL_NULL_CONVERSION = YES;
				CLANG_WARN_OBJC_IMPLICIT_RETAIN_SELF = YES;
				CLANG_WARN_OBJC_LITERAL_CONVERSION = YES;
				CLANG_WARN_OBJC_ROOT_CLASS = YES_ERROR;
				CLANG_WARN_RANGE_LOOP_ANALYSIS = YES;
				CLANG_WARN_STRICT_PROTOTYPES = YES;
				CLANG_WARN_SUSPICIOUS_MOVE = YES;
				CLANG_WARN_UNGUARDED_AVAILABILITY = YES_AGGRESSIVE;
				CLANG_WARN_UNREACHABLE_CODE = YES;
				CLANG_WARN__DUPLICATE_METHOD_MATCH = YES;
				CODE_SIGN_IDENTITY = "iPhone Developer";
				COPY_PHASE_STRIP = NO;
				DEBUG_INFORMATION_FORMAT = "dwarf-with-dsym";
				ENABLE_NS_ASSERTIONS = NO;
				ENABLE_STRICT_OBJC_MSGSEND = YES;
				GCC_C_LANGUAGE_STANDARD = gnu11;
				GCC_NO_COMMON_BLOCKS = YES;
				GCC_WARN_64_TO_32_BIT_CONVERSION = YES;
				GCC_WARN_ABOUT_RETURN_TYPE = YES_ERROR;
				GCC_WARN_UNDECLARED_SELECTOR = YES;
				GCC_WARN_UNINITIALIZED_AUTOS = YES_AGGRESSIVE;
				GCC_WARN_UNUSED_FUNCTION = YES;
				GCC_WARN_UNUSED_VARIABLE = YES;
				IPHONEOS_DEPLOYMENT_TARGET = 12.2;
				MTL_ENABLE_DEBUG_INFO = NO;
				MTL_FAST_MATH = YES;
				SDKROOT = iphoneos;
				SWIFT_COMPILATION_MODE = wholemodule;
				SWIFT_OPTIMIZATION_LEVEL = "-O";
				VALIDATE_PRODUCT = YES;
			};
			name = Release;
		};
		E6CB6D51229D300700950F2A /* Debug */ = {
			isa = XCBuildConfiguration;
			baseConfigurationReference = 2F03EAD14C1A5943337AD1FB /* Pods-WeatherForecast.debug.xcconfig */;
			buildSettings = {
				ASSETCATALOG_COMPILER_APPICON_NAME = AppIcon;
				CODE_SIGN_STYLE = Automatic;
				DEVELOPMENT_TEAM = 6SR4JWJD54;
				INFOPLIST_FILE = "$(SRCROOT)/WeatherForecast-PresentationLayer/Project Settings/Info.plist";
				LD_RUNPATH_SEARCH_PATHS = (
					"$(inherited)",
					"@executable_path/Frameworks",
				);
				PRODUCT_BUNDLE_IDENTIFIER = com.tornike.WeatherForecast;
				PRODUCT_NAME = "$(TARGET_NAME)";
				SWIFT_VERSION = 5.0;
				TARGETED_DEVICE_FAMILY = "1,2";
			};
			name = Debug;
		};
		E6CB6D52229D300700950F2A /* Release */ = {
			isa = XCBuildConfiguration;
			baseConfigurationReference = 1118A85772727CA399316623 /* Pods-WeatherForecast.release.xcconfig */;
			buildSettings = {
				ASSETCATALOG_COMPILER_APPICON_NAME = AppIcon;
				CODE_SIGN_STYLE = Automatic;
				DEVELOPMENT_TEAM = 6SR4JWJD54;
				INFOPLIST_FILE = "$(SRCROOT)/WeatherForecast-PresentationLayer/Project Settings/Info.plist";
				LD_RUNPATH_SEARCH_PATHS = (
					"$(inherited)",
					"@executable_path/Frameworks",
				);
				PRODUCT_BUNDLE_IDENTIFIER = com.tornike.WeatherForecast;
				PRODUCT_NAME = "$(TARGET_NAME)";
				SWIFT_VERSION = 5.0;
				TARGETED_DEVICE_FAMILY = "1,2";
			};
			name = Release;
		};
/* End XCBuildConfiguration section */

/* Begin XCConfigurationList section */
		E6CB6D36229D300500950F2A /* Build configuration list for PBXProject "WeatherForecast" */ = {
			isa = XCConfigurationList;
			buildConfigurations = (
				E6CB6D4E229D300700950F2A /* Debug */,
				E6CB6D4F229D300700950F2A /* Release */,
			);
			defaultConfigurationIsVisible = 0;
			defaultConfigurationName = Release;
		};
		E6CB6D50229D300700950F2A /* Build configuration list for PBXNativeTarget "WeatherForecast" */ = {
			isa = XCConfigurationList;
			buildConfigurations = (
				E6CB6D51229D300700950F2A /* Debug */,
				E6CB6D52229D300700950F2A /* Release */,
			);
			defaultConfigurationIsVisible = 0;
			defaultConfigurationName = Release;
		};
/* End XCConfigurationList section */

/* Begin XCVersionGroup section */
		E6CB6D45229D300500950F2A /* WeatherForecast.xcdatamodeld */ = {
			isa = XCVersionGroup;
			children = (
				E6CB6D46229D300500950F2A /* WeatherForecast.xcdatamodel */,
			);
			currentVersion = E6CB6D46229D300500950F2A /* WeatherForecast.xcdatamodel */;
			path = WeatherForecast.xcdatamodeld;
			sourceTree = "<group>";
			versionGroupType = wrapper.xcdatamodel;
		};
/* End XCVersionGroup section */
	};
	rootObject = E6CB6D33229D300500950F2A /* Project object */;
}
